// !$*UTF8*$!
{
	archiveVersion = 1;
	classes = {
	};
	objectVersion = 54;
	objects = {

/* Begin PBXBuildFile section */
		74A258462FC79EA00066FFFB /* LaunchScreen.storyboard in Resources */ = {isa = PBXBuildFile; fileRef = 74A258442FC79EA00066FFFB /* LaunchScreen.storyboard */; };
		74A258472FC79EA00066FFFB /* CustomInfoWindowView.xib in Resources */ = {isa = PBXBuildFile; fileRef = 74A2583C2FC79EA00066FFFB /* CustomInfoWindowView.xib */; };
		74A258482FC79EA00066FFFB /* MapDemoView.swift in Sources */ = {isa = PBXBuildFile; fileRef = 74A258222FC79EA00066FFFB /* MapDemoView.swift */; };
		74A258492FC79EA00066FFFB /* INVMarkerOverlapView.swift in Sources */ = {isa = PBXBuildFile; fileRef = 74A258352FC79EA00066FFFB /* INVMarkerOverlapView.swift */; };
		74A2584A2FC79EA00066FFFB /* MapGestureView.swift in Sources */ = {isa = PBXBuildFile; fileRef = 74A258262FC79EA00066FFFB /* MapGestureView.swift */; };
		74A2584B2FC79EA00066FFFB /* MapControllerView.swift in Sources */ = {isa = PBXBuildFile; fileRef = 74A258242FC79EA00066FFFB /* MapControllerView.swift */; };
		74A2584C2FC79EA00066FFFB /* ShapeClickEventView.swift in Sources */ = {isa = PBXBuildFile; fileRef = 74A2581A2FC79EA00066FFFB /* ShapeClickEventView.swift */; };
		74A2584D2FC79EA00066FFFB /* MainView.swift in Sources */ = {isa = PBXBuildFile; fileRef = 74A258212FC79EA00066FFFB /* MainView.swift */; };
		74A2584E2FC79EA00066FFFB /* MenuModel.swift in Sources */ = {isa = PBXBuildFile; fileRef = 74A2580F2FC79EA00066FFFB /* MenuModel.swift */; };
		74A2584F2FC79EA00066FFFB /* INVInfoWindowView.swift in Sources */ = {isa = PBXBuildFile; fileRef = 74A258342FC79EA00066FFFB /* INVInfoWindowView.swift */; };
		74A258502FC79EA00066FFFB /* INVLatLng+Formatted.swift in Sources */ = {isa = PBXBuildFile; fileRef = 74A2583F2FC79EA00066FFFB /* INVLatLng+Formatted.swift */; };
		74A258512FC79EA00066FFFB /* iNaviMapsApp.swift in Sources */ = {isa = PBXBuildFile; fileRef = 74A2580D2FC79EA00066FFFB /* iNaviMapsApp.swift */; };
		74A258522FC79EA00066FFFB /* MarkerClusteringView.swift in Sources */ = {isa = PBXBuildFile; fileRef = 74A2581C2FC79EA00066FFFB /* MarkerClusteringView.swift */; };
		74A258532FC79EA00066FFFB /* MapCustomStyleView.swift in Sources */ = {isa = PBXBuildFile; fileRef = 74A258252FC79EA00066FFFB /* MapCustomStyleView.swift */; };
		74A258542FC79EA00066FFFB /* CustomInfoWindowView.swift in Sources */ = {isa = PBXBuildFile; fileRef = 74A2583B2FC79EA00066FFFB /* CustomInfoWindowView.swift */; };
		74A258552FC79EA00066FFFB /* INVRouteView.swift in Sources */ = {isa = PBXBuildFile; fileRef = 74A258392FC79EA00066FFFB /* INVRouteView.swift */; };
		74A258562FC79EA00066FFFB /* INVCameraUpdateParamsView.swift in Sources */ = {isa = PBXBuildFile; fileRef = 74A258172FC79EA00066FFFB /* INVCameraUpdateParamsView.swift */; };
		74A258572FC79EA00066FFFB /* IndoorMapView.swift in Sources */ = {isa = PBXBuildFile; fileRef = 74A2582E2FC79EA00066FFFB /* IndoorMapView.swift */; };
		74A258582FC79EA00066FFFB /* INVMarkerView.swift in Sources */ = {isa = PBXBuildFile; fileRef = 74A258362FC79EA00066FFFB /* INVMarkerView.swift */; };
		74A258592FC79EA00066FFFB /* INVPolylineView.swift in Sources */ = {isa = PBXBuildFile; fileRef = 74A258382FC79EA00066FFFB /* INVPolylineView.swift */; };
		74A2585A2FC79EA00066FFFB /* INVPolygonView.swift in Sources */ = {isa = PBXBuildFile; fileRef = 74A258372FC79EA00066FFFB /* INVPolygonView.swift */; };
		74A2585B2FC79EA00066FFFB /* INVCircleView.swift in Sources */ = {isa = PBXBuildFile; fileRef = 74A258332FC79EA00066FFFB /* INVCircleView.swift */; };
		74A2585C2FC79EA00066FFFB /* CoordinatesConversionView.swift in Sources */ = {isa = PBXBuildFile; fileRef = 74A2582D2FC79EA00066FFFB /* CoordinatesConversionView.swift */; };
		74A2585D2FC79EA00066FFFB /* CameraEventView.swift in Sources */ = {isa = PBXBuildFile; fileRef = 74A258142FC79EA00066FFFB /* CameraEventView.swift */; };
		74A2585E2FC79EA00066FFFB /* PickPoisView.swift in Sources */ = {isa = PBXBuildFile; fileRef = 74A2582F2FC79EA00066FFFB /* PickPoisView.swift */; };
		74A2585F2FC79EA00066FFFB /* LocationIconView.swift in Sources */ = {isa = PBXBuildFile; fileRef = 74A2581E2FC79EA00066FFFB /* LocationIconView.swift */; };
		74A258602FC79EA00066FFFB /* MapSymbolScaleView.swift in Sources */ = {isa = PBXBuildFile; fileRef = 74A2582A2FC79EA00066FFFB /* MapSymbolScaleView.swift */; };
		74A258612FC79EA00066FFFB /* UserTrackingModeView.swift in Sources */ = {isa = PBXBuildFile; fileRef = 74A2581F2FC79EA00066FFFB /* UserTrackingModeView.swift */; };
		74A258622FC79EA00066FFFB /* InaviMapViewRepresentable.swift in Sources */ = {isa = PBXBuildFile; fileRef = 74A2583E2FC79EA00066FFFB /* InaviMapViewRepresentable.swift */; };
		74A258632FC79EA00066FFFB /* UIActionButton.swift in Sources */ = {isa = PBXBuildFile; fileRef = 74A258112FC79EA00066FFFB /* UIActionButton.swift */; };
		74A258642FC79EA00066FFFB /* CameraFitBoundsView.swift in Sources */ = {isa = PBXBuildFile; fileRef = 74A258152FC79EA00066FFFB /* CameraFitBoundsView.swift */; };
		74A258652FC79EA00066FFFB /* CameraMoveView.swift in Sources */ = {isa = PBXBuildFile; fileRef = 74A258162FC79EA00066FFFB /* CameraMoveView.swift */; };
		74A258662FC79EA00066FFFB /* UIInsetLabel.swift in Sources */ = {isa = PBXBuildFile; fileRef = 74A258122FC79EA00066FFFB /* UIInsetLabel.swift */; };
		74A258672FC79EA00066FFFB /* MapPaddingView.swift in Sources */ = {isa = PBXBuildFile; fileRef = 74A258282FC79EA00066FFFB /* MapPaddingView.swift */; };
		74A258682FC79EA00066FFFB /* MapRestrictionView.swift in Sources */ = {isa = PBXBuildFile; fileRef = 74A258292FC79EA00066FFFB /* MapRestrictionView.swift */; };
		74A258692FC79EA00066FFFB /* GlobalZIndexView.swift in Sources */ = {isa = PBXBuildFile; fileRef = 74A258322FC79EA00066FFFB /* GlobalZIndexView.swift */; };
		74A2586A2FC79EA00066FFFB /* ProjectionView.swift in Sources */ = {isa = PBXBuildFile; fileRef = 74A258302FC79EA00066FFFB /* ProjectionView.swift */; };
		74A2586B2FC79EA00066FFFB /* MapTypeView.swift in Sources */ = {isa = PBXBuildFile; fileRef = 74A2582B2FC79EA00066FFFB /* MapTypeView.swift */; };
		74A2586C2FC79EA00066FFFB /* MapClickEventView.swift in Sources */ = {isa = PBXBuildFile; fileRef = 74A258192FC79EA00066FFFB /* MapClickEventView.swift */; };
		74A2586D2FC79EA00066FFFB /* MapLanguageView.swift in Sources */ = {isa = PBXBuildFile; fileRef = 74A258272FC79EA00066FFFB /* MapLanguageView.swift */; };
		74A2586E2FC79EA00066FFFB /* DemoOverlayPanel.swift in Sources */ = {isa = PBXBuildFile; fileRef = 74A2583D2FC79EA00066FFFB /* DemoOverlayPanel.swift */; };
		74A258712FC7AA3E0066FFFB /* iNaviMaps in Frameworks */ = {isa = PBXBuildFile; productRef = 74A258702FC7AA3E0066FFFB /* iNaviMaps */; };
		8ADAD77422D42A9D00782103 /* Assets.xcassets in Resources */ = {isa = PBXBuildFile; fileRef = 8ADAD77322D42A9D00782103 /* Assets.xcassets */; };
/* End PBXBuildFile section */

/* Begin PBXFileReference section */
		74A2580D2FC79EA00066FFFB /* iNaviMapsApp.swift */ = {isa = PBXFileReference; lastKnownFileType = sourcecode.swift; path = iNaviMapsApp.swift; sourceTree = "<group>"; };
		74A2580F2FC79EA00066FFFB /* MenuModel.swift */ = {isa = PBXFileReference; lastKnownFileType = sourcecode.swift; path = MenuModel.swift; sourceTree = "<group>"; };
		74A258112FC79EA00066FFFB /* UIActionButton.swift */ = {isa = PBXFileReference; lastKnownFileType = sourcecode.swift; path = UIActionButton.swift; sourceTree = "<group>"; };
		74A258122FC79EA00066FFFB /* UIInsetLabel.swift */ = {isa = PBXFileReference; lastKnownFileType = sourcecode.swift; path = UIInsetLabel.swift; sourceTree = "<group>"; };
		74A258142FC79EA00066FFFB /* CameraEventView.swift */ = {isa = PBXFileReference; lastKnownFileType = sourcecode.swift; path = CameraEventView.swift; sourceTree = "<group>"; };
		74A258152FC79EA00066FFFB /* CameraFitBoundsView.swift */ = {isa = PBXFileReference; lastKnownFileType = sourcecode.swift; path = CameraFitBoundsView.swift; sourceTree = "<group>"; };
		74A258162FC79EA00066FFFB /* CameraMoveView.swift */ = {isa = PBXFileReference; lastKnownFileType = sourcecode.swift; path = CameraMoveView.swift; sourceTree = "<group>"; };
		74A258172FC79EA00066FFFB /* INVCameraUpdateParamsView.swift */ = {isa = PBXFileReference; lastKnownFileType = sourcecode.swift; path = INVCameraUpdateParamsView.swift; sourceTree = "<group>"; };
		74A258192FC79EA00066FFFB /* MapClickEventView.swift */ = {isa = PBXFileReference; lastKnownFileType = sourcecode.swift; path = MapClickEventView.swift; sourceTree = "<group>"; };
		74A2581A2FC79EA00066FFFB /* ShapeClickEventView.swift */ = {isa = PBXFileReference; lastKnownFileType = sourcecode.swift; path = ShapeClickEventView.swift; sourceTree = "<group>"; };
		74A2581C2FC79EA00066FFFB /* MarkerClusteringView.swift */ = {isa = PBXFileReference; lastKnownFileType = sourcecode.swift; path = MarkerClusteringView.swift; sourceTree = "<group>"; };
		74A2581E2FC79EA00066FFFB /* LocationIconView.swift */ = {isa = PBXFileReference; lastKnownFileType = sourcecode.swift; path = LocationIconView.swift; sourceTree = "<group>"; };
		74A2581F2FC79EA00066FFFB /* UserTrackingModeView.swift */ = {isa = PBXFileReference; lastKnownFileType = sourcecode.swift; path = UserTrackingModeView.swift; sourceTree = "<group>"; };
		74A258212FC79EA00066FFFB /* MainView.swift */ = {isa = PBXFileReference; lastKnownFileType = sourcecode.swift; path = MainView.swift; sourceTree = "<group>"; };
		74A258222FC79EA00066FFFB /* MapDemoView.swift */ = {isa = PBXFileReference; lastKnownFileType = sourcecode.swift; path = MapDemoView.swift; sourceTree = "<group>"; };
		74A258242FC79EA00066FFFB /* MapControllerView.swift */ = {isa = PBXFileReference; lastKnownFileType = sourcecode.swift; path = MapControllerView.swift; sourceTree = "<group>"; };
		74A258252FC79EA00066FFFB /* MapCustomStyleView.swift */ = {isa = PBXFileReference; lastKnownFileType = sourcecode.swift; path = MapCustomStyleView.swift; sourceTree = "<group>"; };
		74A258262FC79EA00066FFFB /* MapGestureView.swift */ = {isa = PBXFileReference; lastKnownFileType = sourcecode.swift; path = MapGestureView.swift; sourceTree = "<group>"; };
		74A258272FC79EA00066FFFB /* MapLanguageView.swift */ = {isa = PBXFileReference; lastKnownFileType = sourcecode.swift; path = MapLanguageView.swift; sourceTree = "<group>"; };
		74A258282FC79EA00066FFFB /* MapPaddingView.swift */ = {isa = PBXFileReference; lastKnownFileType = sourcecode.swift; path = MapPaddingView.swift; sourceTree = "<group>"; };
		74A258292FC79EA00066FFFB /* MapRestrictionView.swift */ = {isa = PBXFileReference; lastKnownFileType = sourcecode.swift; path = MapRestrictionView.swift; sourceTree = "<group>"; };
		74A2582A2FC79EA00066FFFB /* MapSymbolScaleView.swift */ = {isa = PBXFileReference; lastKnownFileType = sourcecode.swift; path = MapSymbolScaleView.swift; sourceTree = "<group>"; };
		74A2582B2FC79EA00066FFFB /* MapTypeView.swift */ = {isa = PBXFileReference; lastKnownFileType = sourcecode.swift; path = MapTypeView.swift; sourceTree = "<group>"; };
		74A2582D2FC79EA00066FFFB /* CoordinatesConversionView.swift */ = {isa = PBXFileReference; lastKnownFileType = sourcecode.swift; path = CoordinatesConversionView.swift; sourceTree = "<group>"; };
		74A2582E2FC79EA00066FFFB /* IndoorMapView.swift */ = {isa = PBXFileReference; lastKnownFileType = sourcecode.swift; path = IndoorMapView.swift; sourceTree = "<group>"; };
		74A2582F2FC79EA00066FFFB /* PickPoisView.swift */ = {isa = PBXFileReference; lastKnownFileType = sourcecode.swift; path = PickPoisView.swift; sourceTree = "<group>"; };
		74A258302FC79EA00066FFFB /* ProjectionView.swift */ = {isa = PBXFileReference; lastKnownFileType = sourcecode.swift; path = ProjectionView.swift; sourceTree = "<group>"; };
		74A258322FC79EA00066FFFB /* GlobalZIndexView.swift */ = {isa = PBXFileReference; lastKnownFileType = sourcecode.swift; path = GlobalZIndexView.swift; sourceTree = "<group>"; };
		74A258332FC79EA00066FFFB /* INVCircleView.swift */ = {isa = PBXFileReference; lastKnownFileType = sourcecode.swift; path = INVCircleView.swift; sourceTree = "<group>"; };
		74A258342FC79EA00066FFFB /* INVInfoWindowView.swift */ = {isa = PBXFileReference; lastKnownFileType = sourcecode.swift; path = INVInfoWindowView.swift; sourceTree = "<group>"; };
		74A258352FC79EA00066FFFB /* INVMarkerOverlapView.swift */ = {isa = PBXFileReference; lastKnownFileType = sourcecode.swift; path = INVMarkerOverlapView.swift; sourceTree = "<group>"; };
		74A258362FC79EA00066FFFB /* INVMarkerView.swift */ = {isa = PBXFileReference; lastKnownFileType = sourcecode.swift; path = INVMarkerView.swift; sourceTree = "<group>"; };
		74A258372FC79EA00066FFFB /* INVPolygonView.swift */ = {isa = PBXFileReference; lastKnownFileType = sourcecode.swift; path = INVPolygonView.swift; sourceTree = "<group>"; };
		74A258382FC79EA00066FFFB /* INVPolylineView.swift */ = {isa = PBXFileReference; lastKnownFileType = sourcecode.swift; path = INVPolylineView.swift; sourceTree = "<group>"; };
		74A258392FC79EA00066FFFB /* INVRouteView.swift */ = {isa = PBXFileReference; lastKnownFileType = sourcecode.swift; path = INVRouteView.swift; sourceTree = "<group>"; };
		74A2583B2FC79EA00066FFFB /* CustomInfoWindowView.swift */ = {isa = PBXFileReference; lastKnownFileType = sourcecode.swift; path = CustomInfoWindowView.swift; sourceTree = "<group>"; };
		74A2583C2FC79EA00066FFFB /* CustomInfoWindowView.xib */ = {isa = PBXFileReference; lastKnownFileType = file.xib; path = CustomInfoWindowView.xib; sourceTree = "<group>"; };
		74A2583D2FC79EA00066FFFB /* DemoOverlayPanel.swift */ = {isa = PBXFileReference; lastKnownFileType = sourcecode.swift; path = DemoOverlayPanel.swift; sourceTree = "<group>"; };
		74A2583E2FC79EA00066FFFB /* InaviMapViewRepresentable.swift */ = {isa = PBXFileReference; lastKnownFileType = sourcecode.swift; path = InaviMapViewRepresentable.swift; sourceTree = "<group>"; };
		74A2583F2FC79EA00066FFFB /* INVLatLng+Formatted.swift */ = {isa = PBXFileReference; lastKnownFileType = sourcecode.swift; path = "INVLatLng+Formatted.swift"; sourceTree = "<group>"; };
		74A258432FC79EA00066FFFB /* Base */ = {isa = PBXFileReference; lastKnownFileType = file.storyboard; name = Base; path = Base.lproj/LaunchScreen.storyboard; sourceTree = "<group>"; };
		8ADAD76922D42A9C00782103 /* iNaviMapsDemo.app */ = {isa = PBXFileReference; explicitFileType = wrapper.application; includeInIndex = 0; path = iNaviMapsDemo.app; sourceTree = BUILT_PRODUCTS_DIR; };
		8ADAD77322D42A9D00782103 /* Assets.xcassets */ = {isa = PBXFileReference; lastKnownFileType = folder.assetcatalog; path = Assets.xcassets; sourceTree = "<group>"; };
		8ADAD77822D42A9D00782103 /* Info.plist */ = {isa = PBXFileReference; lastKnownFileType = text.plist.xml; path = Info.plist; sourceTree = "<group>"; };
/* End PBXFileReference section */

/* Begin PBXFrameworksBuildPhase section */
		8ADAD76622D42A9C00782103 /* Frameworks */ = {
			isa = PBXFrameworksBuildPhase;
			buildActionMask = 2147483647;
			files = (
				74A258712FC7AA3E0066FFFB /* iNaviMaps in Frameworks */,
			);
			runOnlyForDeploymentPostprocessing = 0;
		};
/* End PBXFrameworksBuildPhase section */

/* Begin PBXGroup section */
		74A2580E2FC79EA00066FFFB /* App */ = {
			isa = PBXGroup;
			children = (
				74A2580D2FC79EA00066FFFB /* iNaviMapsApp.swift */,
			);
			path = App;
			sourceTree = "<group>";
		};
		74A258102FC79EA00066FFFB /* Menu */ = {
			isa = PBXGroup;
			children = (
				74A2580F2FC79EA00066FFFB /* MenuModel.swift */,
			);
			path = Menu;
			sourceTree = "<group>";
		};
		74A258132FC79EA00066FFFB /* UI Extensions */ = {
			isa = PBXGroup;
			children = (
				74A258112FC79EA00066FFFB /* UIActionButton.swift */,
				74A258122FC79EA00066FFFB /* UIInsetLabel.swift */,
			);
			path = "UI Extensions";
			sourceTree = "<group>";
		};
		74A258182FC79EA00066FFFB /* Camera */ = {
			isa = PBXGroup;
			children = (
				74A258142FC79EA00066FFFB /* CameraEventView.swift */,
				74A258152FC79EA00066FFFB /* CameraFitBoundsView.swift */,
				74A258162FC79EA00066FFFB /* CameraMoveView.swift */,
				74A258172FC79EA00066FFFB /* INVCameraUpdateParamsView.swift */,
			);
			path = Camera;
			sourceTree = "<group>";
		};
		74A2581B2FC79EA00066FFFB /* ClickEvent */ = {
			isa = PBXGroup;
			children = (
				74A258192FC79EA00066FFFB /* MapClickEventView.swift */,
				74A2581A2FC79EA00066FFFB /* ShapeClickEventView.swift */,
			);
			path = ClickEvent;
			sourceTree = "<group>";
		};
		74A2581D2FC79EA00066FFFB /* Clustering */ = {
			isa = PBXGroup;
			children = (
				74A2581C2FC79EA00066FFFB /* MarkerClusteringView.swift */,
			);
			path = Clustering;
			sourceTree = "<group>";
		};
		74A258202FC79EA00066FFFB /* Location */ = {
			isa = PBXGroup;
			children = (
				74A2581E2FC79EA00066FFFB /* LocationIconView.swift */,
				74A2581F2FC79EA00066FFFB /* UserTrackingModeView.swift */,
			);
			path = Location;
			sourceTree = "<group>";
		};
		74A258232FC79EA00066FFFB /* Main */ = {
			isa = PBXGroup;
			children = (
				74A258212FC79EA00066FFFB /* MainView.swift */,
				74A258222FC79EA00066FFFB /* MapDemoView.swift */,
			);
			path = Main;
			sourceTree = "<group>";
		};
		74A2582C2FC79EA00066FFFB /* MapOptions */ = {
			isa = PBXGroup;
			children = (
				74A258242FC79EA00066FFFB /* MapControllerView.swift */,
				74A258252FC79EA00066FFFB /* MapCustomStyleView.swift */,
				74A258262FC79EA00066FFFB /* MapGestureView.swift */,
				74A258272FC79EA00066FFFB /* MapLanguageView.swift */,
				74A258282FC79EA00066FFFB /* MapPaddingView.swift */,
				74A258292FC79EA00066FFFB /* MapRestrictionView.swift */,
				74A2582A2FC79EA00066FFFB /* MapSymbolScaleView.swift */,
				74A2582B2FC79EA00066FFFB /* MapTypeView.swift */,
			);
			path = MapOptions;
			sourceTree = "<group>";
		};
		74A258312FC79EA00066FFFB /* Misc */ = {
			isa = PBXGroup;
			children = (
				74A2582D2FC79EA00066FFFB /* CoordinatesConversionView.swift */,
				74A2582E2FC79EA00066FFFB /* IndoorMapView.swift */,
				74A2582F2FC79EA00066FFFB /* PickPoisView.swift */,
				74A258302FC79EA00066FFFB /* ProjectionView.swift */,
			);
			path = Misc;
			sourceTree = "<group>";
		};
		74A2583A2FC79EA00066FFFB /* Shape */ = {
			isa = PBXGroup;
			children = (
				74A258322FC79EA00066FFFB /* GlobalZIndexView.swift */,
				74A258332FC79EA00066FFFB /* INVCircleView.swift */,
				74A258342FC79EA00066FFFB /* INVInfoWindowView.swift */,
				74A258352FC79EA00066FFFB /* INVMarkerOverlapView.swift */,
				74A258362FC79EA00066FFFB /* INVMarkerView.swift */,
				74A258372FC79EA00066FFFB /* INVPolygonView.swift */,
				74A258382FC79EA00066FFFB /* INVPolylineView.swift */,
				74A258392FC79EA00066FFFB /* INVRouteView.swift */,
			);
			path = Shape;
			sourceTree = "<group>";
		};
		74A258402FC79EA00066FFFB /* Shared */ = {
			isa = PBXGroup;
			children = (
				74A2583B2FC79EA00066FFFB /* CustomInfoWindowView.swift */,
				74A2583C2FC79EA00066FFFB /* CustomInfoWindowView.xib */,
				74A2583D2FC79EA00066FFFB /* DemoOverlayPanel.swift */,
				74A2583E2FC79EA00066FFFB /* InaviMapViewRepresentable.swift */,
				74A2583F2FC79EA00066FFFB /* INVLatLng+Formatted.swift */,
			);
			path = Shared;
			sourceTree = "<group>";
		};
		74A258412FC79EA00066FFFB /* View */ = {
			isa = PBXGroup;
			children = (
				74A258182FC79EA00066FFFB /* Camera */,
				74A2581B2FC79EA00066FFFB /* ClickEvent */,
				74A2581D2FC79EA00066FFFB /* Clustering */,
				74A258202FC79EA00066FFFB /* Location */,
				74A258232FC79EA00066FFFB /* Main */,
				74A2582C2FC79EA00066FFFB /* MapOptions */,
				74A258312FC79EA00066FFFB /* Misc */,
				74A2583A2FC79EA00066FFFB /* Shape */,
				74A258402FC79EA00066FFFB /* Shared */,
			);
			path = View;
			sourceTree = "<group>";
		};
		74A258422FC79EA00066FFFB /* Source */ = {
			isa = PBXGroup;
			children = (
				74A2580E2FC79EA00066FFFB /* App */,
				74A258102FC79EA00066FFFB /* Menu */,
				74A258132FC79EA00066FFFB /* UI Extensions */,
				74A258412FC79EA00066FFFB /* View */,
			);
			path = Source;
			sourceTree = "<group>";
		};
		74A258452FC79EA00066FFFB /* Storyboard */ = {
			isa = PBXGroup;
			children = (
				74A258442FC79EA00066FFFB /* LaunchScreen.storyboard */,
			);
			path = Storyboard;
			sourceTree = "<group>";
		};
		8ADAD76022D42A9C00782103 = {
			isa = PBXGroup;
			children = (
				8ADAD76B22D42A9C00782103 /* App */,
				8ADAD76A22D42A9C00782103 /* Products */,
			);
			sourceTree = "<group>";
		};
		8ADAD76A22D42A9C00782103 /* Products */ = {
			isa = PBXGroup;
			children = (
				8ADAD76922D42A9C00782103 /* iNaviMapsDemo.app */,
			);
			name = Products;
			sourceTree = "<group>";
		};
		8ADAD76B22D42A9C00782103 /* App */ = {
			isa = PBXGroup;
			children = (
				8ADAD77322D42A9D00782103 /* Assets.xcassets */,
				8ADAD77822D42A9D00782103 /* Info.plist */,
				74A258422FC79EA00066FFFB /* Source */,
				74A258452FC79EA00066FFFB /* Storyboard */,
			);
			path = App;
			sourceTree = "<group>";
		};
/* End PBXGroup section */

/* Begin PBXNativeTarget section */
		8ADAD76822D42A9C00782103 /* iNaviMapsDemo */ = {
			isa = PBXNativeTarget;
			buildConfigurationList = 8ADAD77B22D42A9D00782103 /* Build configuration list for PBXNativeTarget "iNaviMapsDemo" */;
			buildPhases = (
				8ADAD76522D42A9C00782103 /* Sources */,
				8ADAD76622D42A9C00782103 /* Frameworks */,
				8ADAD76722D42A9C00782103 /* Resources */,
			);
			buildRules = (
			);
			dependencies = (
			);
			name = iNaviMapsDemo;
			productName = inaviMapsApp;
			productReference = 8ADAD76922D42A9C00782103 /* iNaviMapsDemo.app */;
			productType = "com.apple.product-type.application";
		};
/* End PBXNativeTarget section */

/* Begin PBXProject section */
		8ADAD76122D42A9C00782103 /* Project object */ = {
			isa = PBXProject;
			attributes = {
				LastSwiftUpdateCheck = 1020;
				LastUpgradeCheck = 1020;
				ORGANIZATIONNAME = "DAECHEOL KIM";
				TargetAttributes = {
					8ADAD76822D42A9C00782103 = {
						CreatedOnToolsVersion = 10.2.1;
					};
				};
			};
			buildConfigurationList = 8ADAD76422D42A9C00782103 /* Build configuration list for PBXProject "iNaviMapsDemo" */;
			compatibilityVersion = "Xcode 9.3";
			developmentRegion = ko;
			hasScannedForEncodings = 0;
			knownRegions = (
				en,
				ko,
				Base,
			);
			mainGroup = 8ADAD76022D42A9C00782103;
			packageReferences = (
				74A2586F2FC7AA3E0066FFFB /* XCRemoteSwiftPackageReference "inavi-maps-sdk-ios" */,
			);
			productRefGroup = 8ADAD76A22D42A9C00782103 /* Products */;
			projectDirPath = "";
			projectRoot = "";
			targets = (
				8ADAD76822D42A9C00782103 /* iNaviMapsDemo */,
			);
		};
/* End PBXProject section */

/* Begin PBXResourcesBuildPhase section */
		8ADAD76722D42A9C00782103 /* Resources */ = {
			isa = PBXResourcesBuildPhase;
			buildActionMask = 2147483647;
			files = (
				74A258462FC79EA00066FFFB /* LaunchScreen.storyboard in Resources */,
				74A258472FC79EA00066FFFB /* CustomInfoWindowView.xib in Resources */,
				8ADAD77422D42A9D00782103 /* Assets.xcassets in Resources */,
			);
			runOnlyForDeploymentPostprocessing = 0;
		};
/* End PBXResourcesBuildPhase section */

/* Begin PBXSourcesBuildPhase section */
		8ADAD76522D42A9C00782103 /* Sources */ = {
			isa = PBXSourcesBuildPhase;
			buildActionMask = 2147483647;
			files = (
				74A258482FC79EA00066FFFB /* MapDemoView.swift in Sources */,
				74A258492FC79EA00066FFFB /* INVMarkerOverlapView.swift in Sources */,
				74A2584A2FC79EA00066FFFB /* MapGestureView.swift in Sources */,
				74A2584B2FC79EA00066FFFB /* MapControllerView.swift in Sources */,
				74A2584C2FC79EA00066FFFB /* ShapeClickEventView.swift in Sources */,
				74A2584D2FC79EA00066FFFB /* MainView.swift in Sources */,
				74A2584E2FC79EA00066FFFB /* MenuModel.swift in Sources */,
				74A2584F2FC79EA00066FFFB /* INVInfoWindowView.swift in Sources */,
				74A258502FC79EA00066FFFB /* INVLatLng+Formatted.swift in Sources */,
				74A258512FC79EA00066FFFB /* iNaviMapsApp.swift in Sources */,
				74A258522FC79EA00066FFFB /* MarkerClusteringView.swift in Sources */,
				74A258532FC79EA00066FFFB /* MapCustomStyleView.swift in Sources */,
				74A258542FC79EA00066FFFB /* CustomInfoWindowView.swift in Sources */,
				74A258552FC79EA00066FFFB /* INVRouteView.swift in Sources */,
				74A258562FC79EA00066FFFB /* INVCameraUpdateParamsView.swift in Sources */,
				74A258572FC79EA00066FFFB /* IndoorMapView.swift in Sources */,
				74A258582FC79EA00066FFFB /* INVMarkerView.swift in Sources */,
				74A258592FC79EA00066FFFB /* INVPolylineView.swift in Sources */,
				74A2585A2FC79EA00066FFFB /* INVPolygonView.swift in Sources */,
				74A2585B2FC79EA00066FFFB /* INVCircleView.swift in Sources */,
				74A2585C2FC79EA00066FFFB /* CoordinatesConversionView.swift in Sources */,
				74A2585D2FC79EA00066FFFB /* CameraEventView.swift in Sources */,
				74A2585E2FC79EA00066FFFB /* PickPoisView.swift in Sources */,
				74A2585F2FC79EA00066FFFB /* LocationIconView.swift in Sources */,
				74A258602FC79EA00066FFFB /* MapSymbolScaleView.swift in Sources */,
				74A258612FC79EA00066FFFB /* UserTrackingModeView.swift in Sources */,
				74A258622FC79EA00066FFFB /* InaviMapViewRepresentable.swift in Sources */,
				74A258632FC79EA00066FFFB /* UIActionButton.swift in Sources */,
				74A258642FC79EA00066FFFB /* CameraFitBoundsView.swift in Sources */,
				74A258652FC79EA00066FFFB /* CameraMoveView.swift in Sources */,
				74A258662FC79EA00066FFFB /* UIInsetLabel.swift in Sources */,
				74A258672FC79EA00066FFFB /* MapPaddingView.swift in Sources */,
				74A258682FC79EA00066FFFB /* MapRestrictionView.swift in Sources */,
				74A258692FC79EA00066FFFB /* GlobalZIndexView.swift in Sources */,
				74A2586A2FC79EA00066FFFB /* ProjectionView.swift in Sources */,
				74A2586B2FC79EA00066FFFB /* MapTypeView.swift in Sources */,
				74A2586C2FC79EA00066FFFB /* MapClickEventView.swift in Sources */,
				74A2586D2FC79EA00066FFFB /* MapLanguageView.swift in Sources */,
				74A2586E2FC79EA00066FFFB /* DemoOverlayPanel.swift in Sources */,
			);
			runOnlyForDeploymentPostprocessing = 0;
		};
/* End PBXSourcesBuildPhase section */

/* Begin PBXVariantGroup section */
		74A258442FC79EA00066FFFB /* LaunchScreen.storyboard */ = {
			isa = PBXVariantGroup;
			children = (
				74A258432FC79EA00066FFFB /* Base */,
			);
			name = LaunchScreen.storyboard;
			sourceTree = "<group>";
		};
/* End PBXVariantGroup section */

/* Begin XCBuildConfiguration section */
		8ADAD77922D42A9D00782103 /* Debug */ = {
			isa = XCBuildConfiguration;
			buildSettings = {
				ALWAYS_SEARCH_USER_PATHS = NO;
				CLANG_ANALYZER_NONNULL = YES;
				CLANG_ANALYZER_NUMBER_OBJECT_CONVERSION = YES_AGGRESSIVE;
				CLANG_CXX_LANGUAGE_STANDARD = "gnu++14";
				CLANG_CXX_LIBRARY = "libc++";
				CLANG_ENABLE_MODULES = YES;
				CLANG_ENABLE_OBJC_ARC = YES;
				CLANG_ENABLE_OBJC_WEAK = YES;
				CLANG_WARN_BLOCK_CAPTURE_AUTORELEASING = YES;
				CLANG_WARN_BOOL_CONVERSION = YES;
				CLANG_WARN_COMMA = YES;
				CLANG_WARN_CONSTANT_CONVERSION = YES;
				CLANG_WARN_DEPRECATED_OBJC_IMPLEMENTATIONS = YES;
				CLANG_WARN_DIRECT_OBJC_ISA_USAGE = YES_ERROR;
				CLANG_WARN_DOCUMENTATION_COMMENTS = YES;
				CLANG_WARN_EMPTY_BODY = YES;
				CLANG_WARN_ENUM_CONVERSION = YES;
				CLANG_WARN_INFINITE_RECURSION = YES;
				CLANG_WARN_INT_CONVERSION = YES;
				CLANG_WARN_NON_LITERAL_NULL_CONVERSION = YES;
				CLANG_WARN_OBJC_IMPLICIT_RETAIN_SELF = YES;
				CLANG_WARN_OBJC_LITERAL_CONVERSION = YES;
				CLANG_WARN_OBJC_ROOT_CLASS = YES_ERROR;
				CLANG_WARN_RANGE_LOOP_ANALYSIS = YES;
				CLANG_WARN_STRICT_PROTOTYPES = YES;
				CLANG_WARN_SUSPICIOUS_MOVE = YES;
				CLANG_WARN_UNGUARDED_AVAILABILITY = YES_AGGRESSIVE;
				CLANG_WARN_UNREACHABLE_CODE = YES;
				CLANG_WARN__DUPLICATE_METHOD_MATCH = YES;
				CODE_SIGN_IDENTITY = "iPhone Developer";
				COPY_PHASE_STRIP = NO;
				DEBUG_INFORMATION_FORMAT = dwarf;
				ENABLE_STRICT_OBJC_MSGSEND = YES;
				ENABLE_TESTABILITY = YES;
				GCC_C_LANGUAGE_STANDARD = gnu11;
				GCC_DYNAMIC_NO_PIC = NO;
				GCC_NO_COMMON_BLOCKS = YES;
				GCC_OPTIMIZATION_LEVEL = 0;
				GCC_PREPROCESSOR_DEFINITIONS = (
					"DEBUG=1",
					"$(inherited)",
				);
				GCC_WARN_64_TO_32_BIT_CONVERSION = YES;
				GCC_WARN_ABOUT_RETURN_TYPE = YES_ERROR;
				GCC_WARN_UNDECLARED_SELECTOR = YES;
				GCC_WARN_UNINITIALIZED_AUTOS = YES_AGGRESSIVE;
				GCC_WARN_UNUSED_FUNCTION = YES;
				GCC_WARN_UNUSED_VARIABLE = YES;
				IPHONEOS_DEPLOYMENT_TARGET = 12.2;
				MTL_ENABLE_DEBUG_INFO = INCLUDE_SOURCE;
				MTL_FAST_MATH = YES;
				ONLY_ACTIVE_ARCH = YES;
				SDKROOT = iphoneos;
				SWIFT_ACTIVE_COMPILATION_CONDITIONS = DEBUG;
				SWIFT_OPTIMIZATION_LEVEL = "-Onone";
			};
			name = Debug;
		};
		8ADAD77A22D42A9D00782103 /* Release */ = {
			isa = XCBuildConfiguration;
			buildSettings = {
				ALWAYS_SEARCH_USER_PATHS = NO;
				CLANG_ANALYZER_NONNULL = YES;
				CLANG_ANALYZER_NUMBER_OBJECT_CONVERSION = YES_AGGRESSIVE;
				CLANG_CXX_LANGUAGE_STANDARD = "gnu++14";
				CLANG_CXX_LIBRARY = "libc++";
				CLANG_ENABLE_MODULES = YES;
				CLANG_ENABLE_OBJC_ARC = YES;
				CLANG_ENABLE_OBJC_WEAK = YES;
				CLANG_WARN_BLOCK_CAPTURE_AUTORELEASING = YES;
				CLANG_WARN_BOOL_CONVERSION = YES;
				CLANG_WARN_COMMA = YES;
				CLANG_WARN_CONSTANT_CONVERSION = YES;
				CLANG_WARN_DEPRECATED_OBJC_IMPLEMENTATIONS = YES;
				CLANG_WARN_DIRECT_OBJC_ISA_USAGE = YES_ERROR;
				CLANG_WARN_DOCUMENTATION_COMMENTS = YES;
				CLANG_WARN_EMPTY_BODY = YES;
				CLANG_WARN_ENUM_CONVERSION = YES;
				CLANG_WARN_INFINITE_RECURSION = YES;
				CLANG_WARN_INT_CONVERSION = YES;
				CLANG_WARN_NON_LITERAL_NULL_CONVERSION = YES;
				CLANG_WARN_OBJC_IMPLICIT_RETAIN_SELF = YES;
				CLANG_WARN_OBJC_LITERAL_CONVERSION = YES;
				CLANG_WARN_OBJC_ROOT_CLASS = YES_ERROR;
				CLANG_WARN_RANGE_LOOP_ANALYSIS = YES;
				CLANG_WARN_STRICT_PROTOTYPES = YES;
				CLANG_WARN_SUSPICIOUS_MOVE = YES;
				CLANG_WARN_UNGUARDED_AVAILABILITY = YES_AGGRESSIVE;
				CLANG_WARN_UNREACHABLE_CODE = YES;
				CLANG_WARN__DUPLICATE_METHOD_MATCH = YES;
				CODE_SIGN_IDENTITY = "iPhone Developer";
				COPY_PHASE_STRIP = NO;
				DEBUG_INFORMATION_FORMAT = "dwarf-with-dsym";
				ENABLE_NS_ASSERTIONS = NO;
				ENABLE_STRICT_OBJC_MSGSEND = YES;
				GCC_C_LANGUAGE_STANDARD = gnu11;
				GCC_NO_COMMON_BLOCKS = YES;
				GCC_WARN_64_TO_32_BIT_CONVERSION = YES;
				GCC_WARN_ABOUT_RETURN_TYPE = YES_ERROR;
				GCC_WARN_UNDECLARED_SELECTOR = YES;
				GCC_WARN_UNINITIALIZED_AUTOS = YES_AGGRESSIVE;
				GCC_WARN_UNUSED_FUNCTION = YES;
				GCC_WARN_UNUSED_VARIABLE = YES;
				IPHONEOS_DEPLOYMENT_TARGET = 12.2;
				MTL_ENABLE_DEBUG_INFO = NO;
				MTL_FAST_MATH = YES;
				SDKROOT = iphoneos;
				SWIFT_COMPILATION_MODE = wholemodule;
				SWIFT_OPTIMIZATION_LEVEL = "-O";
				VALIDATE_PRODUCT = YES;
			};
			name = Release;
		};
		8ADAD77C22D42A9D00782103 /* Debug */ = {
			isa = XCBuildConfiguration;
			buildSettings = {
				ASSETCATALOG_COMPILER_APPICON_NAME = AppIcon;
				CODE_SIGN_STYLE = Automatic;
				CURRENT_PROJECT_VERSION = 50;
				DEVELOPMENT_TEAM = K62H5CQC64;
				INFOPLIST_FILE = App/Info.plist;
				IPHONEOS_DEPLOYMENT_TARGET = 15;
				LD_RUNPATH_SEARCH_PATHS = (
					"$(inherited)",
					"@executable_path/Frameworks",
				);
				MARKETING_VERSION = 0.22.0;
				PRODUCT_BUNDLE_IDENTIFIER = com.inavi.maps.iosdemo;
				PRODUCT_NAME = iNaviMapsDemo;
				SWIFT_VERSION = 5.0;
				TARGETED_DEVICE_FAMILY = "1,2";
			};
			name = Debug;
		};
		8ADAD77D22D42A9D00782103 /* Release */ = {
			isa = XCBuildConfiguration;
			buildSettings = {
				ASSETCATALOG_COMPILER_APPICON_NAME = AppIcon;
				CODE_SIGN_STYLE = Automatic;
				CURRENT_PROJECT_VERSION = 50;
				DEVELOPMENT_TEAM = K62H5CQC64;
				INFOPLIST_FILE = App/Info.plist;
				IPHONEOS_DEPLOYMENT_TARGET = 15;
				LD_RUNPATH_SEARCH_PATHS = (
					"$(inherited)",
					"@executable_path/Frameworks",
				);
				MARKETING_VERSION = 0.22.0;
				PRODUCT_BUNDLE_IDENTIFIER = com.inavi.maps.iosdemo;
				PRODUCT_NAME = iNaviMapsDemo;
				SWIFT_VERSION = 5.0;
				TARGETED_DEVICE_FAMILY = "1,2";
			};
			name = Release;
		};
/* End XCBuildConfiguration section */

/* Begin XCConfigurationList section */
		8ADAD76422D42A9C00782103 /* Build configuration list for PBXProject "iNaviMapsDemo" */ = {
			isa = XCConfigurationList;
			buildConfigurations = (
				8ADAD77922D42A9D00782103 /* Debug */,
				8ADAD77A22D42A9D00782103 /* Release */,
			);
			defaultConfigurationIsVisible = 0;
			defaultConfigurationName = Release;
		};
		8ADAD77B22D42A9D00782103 /* Build configuration list for PBXNativeTarget "iNaviMapsDemo" */ = {
			isa = XCConfigurationList;
			buildConfigurations = (
				8ADAD77C22D42A9D00782103 /* Debug */,
				8ADAD77D22D42A9D00782103 /* Release */,
			);
			defaultConfigurationIsVisible = 0;
			defaultConfigurationName = Release;
		};
/* End XCConfigurationList section */

/* Begin XCRemoteSwiftPackageReference section */
		74A2586F2FC7AA3E0066FFFB /* XCRemoteSwiftPackageReference "inavi-maps-sdk-ios" */ = {
			isa = XCRemoteSwiftPackageReference;
			repositoryURL = "https://github.com/inavi-systems/inavi-maps-sdk-ios";
			requirement = {
				kind = upToNextMajorVersion;
				minimumVersion = 0.21.1;
			};
		};
/* End XCRemoteSwiftPackageReference section */

/* Begin XCSwiftPackageProductDependency section */
		74A258702FC7AA3E0066FFFB /* iNaviMaps */ = {
			isa = XCSwiftPackageProductDependency;
			package = 74A2586F2FC7AA3E0066FFFB /* XCRemoteSwiftPackageReference "inavi-maps-sdk-ios" */;
			productName = iNaviMaps;
		};
/* End XCSwiftPackageProductDependency section */
	};
	rootObject = 8ADAD76122D42A9C00782103 /* Project object */;
}
